<?xml version="1.0" encoding="utf-8"?>
<Project ToolsVersion="4.0" xmlns="http://schemas.microsoft.com/developer/msbuild/2003">
  <ItemGroup>
    <Filter Include="源文件">
      <UniqueIdentifier>{4FC737F1-C7A5-4376-A066-2A32D752A2FF}</UniqueIdentifier>
      <Extensions>cpp;c;cc;cxx;c++;cppm;ixx;def;odl;idl;hpj;bat;asm;asmx</Extensions>
    </Filter>
    <Filter Include="头文件">
      <UniqueIdentifier>{93995380-89BD-4b04-88EB-625FBE52EBFB}</UniqueIdentifier>
      <Extensions>h;hh;hpp;hxx;h++;hm;inl;inc;ipp;xsd</Extensions>
    </Filter>
    <Filter Include="资源文件">
      <UniqueIdentifier>{67DA6AB6-F800-4c08-8B7A-83BB121AAD01}</UniqueIdentifier>
      <Extensions>rc;ico;cur;bmp;dlg;rc2;rct;bin;rgs;gif;jpg;jpeg;jpe;resx;tiff;tif;png;wav;mfcribbon-ms</Extensions>
    </Filter>
  </ItemGroup>
  <ItemGroup>
    <ClCompile Include="main.cpp">
      <Filter>源文件</Filter>
    </ClCompile>
    <ClCompile Include="src\interact.cpp">
      <Filter>源文件</Filter>
    </ClCompile>
    <ClCompile Include="..\..\..\environment\opengl\src\glad\glad.c">
      <Filter>源文件</Filter>
    </ClCompile>
    <ClCompile Include="src\window.cpp">
      <Filter>源文件</Filter>
    </ClCompile>
    <ClCompile Include="src\vertex_data.cpp">
      <Filter>源文件</Filter>
    </ClCompile>
    <ClCompile Include="src\shader.cpp">
      <Filter>源文件</Filter>
    </ClCompile>
    <ClCompile Include="src\texture.cpp">
      <Filter>源文件</Filter>
    </ClCompile>
    <ClCompile Include="src\camera.cpp">
      <Filter>源文件</Filter>
    </ClCompile>
    <ClCompile Include="src\model.cpp">
      <Filter>源文件</Filter>
    </ClCompile>
    <ClCompile Include="..\..\..\environment\imgui\imgui\imgui.cpp">
      <Filter>源文件</Filter>
    </ClCompile>
    <ClCompile Include="..\..\..\environment\imgui\imgui\imgui_demo.cpp">
      <Filter>源文件</Filter>
    </ClCompile>
    <ClCompile Include="..\..\..\environment\imgui\imgui\imgui_draw.cpp">
      <Filter>源文件</Filter>
    </ClCompile>
    <ClCompile Include="..\..\..\environment\imgui\imgui\imgui_tables.cpp">
      <Filter>源文件</Filter>
    </ClCompile>
    <ClCompile Include="..\..\..\environment\imgui\imgui\imgui_widgets.cpp">
      <Filter>源文件</Filter>
    </ClCompile>
    <ClCompile Include="..\..\..\environment\imgui\imgui\backends\imgui_impl_glfw.cpp">
      <Filter>源文件</Filter>
    </ClCompile>
    <ClCompile Include="..\..\..\environment\imgui\imgui\backends\imgui_impl_opengl3.cpp">
      <Filter>源文件</Filter>
    </ClCompile>
    <ClCompile Include="src\scene.cpp">
      <Filter>源文件</Filter>
    </ClCompile>
    <ClCompile Include="src\pipeline.cpp">
      <Filter>源文件</Filter>
    </ClCompile>
    <ClCompile Include="src\material.cpp">
      <Filter>源文件</Filter>
    </ClCompile>
    <ClCompile Include="src\render.cpp">
      <Filter>源文件</Filter>
    </ClCompile>
  </ItemGroup>
  <ItemGroup>
    <ClInclude Include="include\interact.h">
      <Filter>头文件</Filter>
    </ClInclude>
    <ClInclude Include="include\window.h">
      <Filter>头文件</Filter>
    </ClInclude>
    <ClInclude Include="include\vertex_data.h">
      <Filter>头文件</Filter>
    </ClInclude>
    <ClInclude Include="include\shader.h">
      <Filter>头文件</Filter>
    </ClInclude>
    <ClInclude Include="include\macro.h">
      <Filter>头文件</Filter>
    </ClInclude>
    <ClInclude Include="include\renderText.h">
      <Filter>头文件</Filter>
    </ClInclude>
    <ClInclude Include="include\file.h">
      <Filter>头文件</Filter>
    </ClInclude>
    <ClInclude Include="include\texture.h">
      <Filter>头文件</Filter>
    </ClInclude>
    <ClInclude Include="include\camera.h">
      <Filter>头文件</Filter>
    </ClInclude>
    <ClInclude Include="include\model.h">
      <Filter>头文件</Filter>
    </ClInclude>
    <ClInclude Include="include\light.h">
      <Filter>头文件</Filter>
    </ClInclude>
    <ClInclude Include="include\scene.h">
      <Filter>头文件</Filter>
    </ClInclude>
    <ClInclude Include="include\pipeline.h">
      <Filter>头文件</Filter>
    </ClInclude>
    <ClInclude Include="include\material.h">
      <Filter>头文件</Filter>
    </ClInclude>
    <ClInclude Include="include\render.h">
      <Filter>头文件</Filter>
    </ClInclude>
  </ItemGroup>
  <ItemGroup>
    <None Include="shader\test.fs" />
    <None Include="shader\test.vs" />
    <None Include="shader\post.fs" />
    <None Include="shader\post.vs" />
    <None Include="shader\shadow.fs" />
    <None Include="shader\shadow.vs" />
    <None Include="shader\skybox.fs" />
    <None Include="shader\skybox.vs" />
    <None Include="shader\visible.gs" />
    <None Include="shader\visible.fs" />
    <None Include="shader\visible.vs" />
  </ItemGroup>
  <ItemGroup>
    <Image Include="assets\texture\wall.jpg">
      <Filter>资源文件</Filter>
    </Image>
    <Image Include="assets\texture\container.jpg">
      <Filter>资源文件</Filter>
    </Image>
    <Image Include="assets\texture\awesomeface.png">
      <Filter>资源文件</Filter>
    </Image>
    <Image Include="assets\texture\box_diffuse.png">
      <Filter>资源文件</Filter>
    </Image>
    <Image Include="assets\texture\box_specular.png">
      <Filter>资源文件</Filter>
    </Image>
  </ItemGroup>
</Project>